// !$*UTF8*$!
{
	archiveVersion = 1;
	classes = {
	};
	objectVersion = 77;
	objects = {

/* Begin PBXContainerItemProxy section */
		5ACBE6492D9186340058DC89 /* PBXContainerItemProxy */ = {
			isa = PBXContainerItemProxy;
			containerPortal = 5ACBE6302D9186320058DC89 /* Project object */;
			proxyType = 1;
			remoteGlobalIDString = 5ACBE6372D9186320058DC89;
			remoteInfo = PlayOGGSample;
		};
		5ACBE6532D9186340058DC89 /* PBXContainerItemProxy */ = {
			isa = PBXContainerItemProxy;
			containerPortal = 5ACBE6302D9186320058DC89 /* Project object */;
			proxyType = 1;
			remoteGlobalIDString = 5ACBE6372D9186320058DC89;
			remoteInfo = PlayOGGSample;
		};
/* End PBXContainerItemProxy section */

/* Begin PBXFileReference section */
		5ACBE6382D9186320058DC89 /* PlayOGGSample.app */ = {isa = PBXFileReference; explicitFileType = wrapper.application; includeInIndex = 0; path = PlayOGGSample.app; sourceTree = BUILT_PRODUCTS_DIR; };
		5ACBE6482D9186340058DC89 /* PlayOGGSampleTests.xctest */ = {isa = PBXFileReference; explicitFileType = wrapper.cfbundle; includeInIndex = 0; path = PlayOGGSampleTests.xctest; sourceTree = BUILT_PRODUCTS_DIR; };
		5ACBE6522D9186340058DC89 /* PlayOGGSampleUITests.xctest */ = {isa = PBXFileReference; explicitFileType = wrapper.cfbundle; includeInIndex = 0; path = PlayOGGSampleUITests.xctest; sourceTree = BUILT_PRODUCTS_DIR; };
/* End PBXFileReference section */

/* Begin PBXFileSystemSynchronizedRootGroup section */
		5ACBE63A2D9186320058DC89 /* PlayOGGSample */ = {
			isa = PBXFileSystemSynchronizedRootGroup;
			path = PlayOGGSample;
			sourceTree = "<group>";
		};
		5ACBE64B2D9186340058DC89 /* PlayOGGSampleTests */ = {
			isa = PBXFileSystemSynchronizedRootGroup;
			path = PlayOGGSampleTests;
			sourceTree = "<group>";
		};
		5ACBE6552D9186340058DC89 /* PlayOGGSampleUITests */ = {
			isa = PBXFileSystemSynchronizedRootGroup;
			path = PlayOGGSampleUITests;
			sourceTree = "<group>";
		};
/* End PBXFileSystemSynchronizedRootGroup section */

/* Begin PBXFrameworksBuildPhase section */
		5ACBE6352D9186320058DC89 /* Frameworks */ = {
			isa = PBXFrameworksBuildPhase;
			buildActionMask = 2147483647;
			files = (
			);
			runOnlyForDeploymentPostprocessing = 0;
		};
		5ACBE6452D9186340058DC89 /* Frameworks */ = {
			isa = PBXFrameworksBuildPhase;
			buildActionMask = 2147483647;
			files = (
			);
			runOnlyForDeploymentPostprocessing = 0;
		};
		5ACBE64F2D9186340058DC89 /* Frameworks */ = {
			isa = PBXFrameworksBuildPhase;
			buildActionMask = 2147483647;
			files = (
			);
			runOnlyForDeploymentPostprocessing = 0;
		};
/* End PBXFrameworksBuildPhase section */

/* Begin PBXGroup section */
		5ACBE62F2D9186320058DC89 = {
			isa = PBXGroup;
			children = (
				5ACBE63A2D9186320058DC89 /* PlayOGGSample */,
				5ACBE64B2D9186340058DC89 /* PlayOGGSampleTests */,
				5ACBE6552D9186340058DC89 /* PlayOGGSampleUITests */,
				5ACBE6392D9186320058DC89 /* Products */,
			);
			sourceTree = "<group>";
		};
		5ACBE6392D9186320058DC89 /* Products */ = {
			isa = PBXGroup;
			children = (
				5ACBE6382D9186320058DC89 /* PlayOGGSample.app */,
				5ACBE6482D9186340058DC89 /* PlayOGGSampleTests.xctest */,
				5ACBE6522D9186340058DC89 /* PlayOGGSampleUITests.xctest */,
			);
			name = Products;
			sourceTree = "<group>";
		};
/* End PBXGroup section */

/* Begin PBXNativeTarget section */
		5ACBE6372D9186320058DC89 /* PlayOGGSample */ = {
			isa = PBXNativeTarget;
			buildConfigurationList = 5ACBE65C2D9186340058DC89 /* Build configuration list for PBXNativeTarget "PlayOGGSample" */;
			buildPhases = (
				5ACBE6342D9186320058DC89 /* Sources */,
				5ACBE6352D9186320058DC89 /* Frameworks */,
				5ACBE6362D9186320058DC89 /* Resources */,
			);
			buildRules = (
			);
			dependencies = (
			);
			fileSystemSynchronizedGroups = (
				5ACBE63A2D9186320058DC89 /* PlayOGGSample */,
			);
			name = PlayOGGSample;
			packageProductDependencies = (
			);
			productName = PlayOGGSample;
			productReference = 5ACBE6382D9186320058DC89 /* PlayOGGSample.app */;
			productType = "com.apple.product-type.application";
		};
		5ACBE6472D9186340058DC89 /* PlayOGGSampleTests */ = {
			isa = PBXNativeTarget;
			buildConfigurationList = 5ACBE65F2D9186340058DC89 /* Build configuration list for PBXNativeTarget "PlayOGGSampleTests" */;
			buildPhases = (
				5ACBE6442D9186340058DC89 /* Sources */,
				5ACBE6452D9186340058DC89 /* Frameworks */,
				5ACBE6462D9186340058DC89 /* Resources */,
			);
			buildRules = (
			);
			dependencies = (
				5ACBE64A2D9186340058DC89 /* PBXTargetDependency */,
			);
			fileSystemSynchronizedGroups = (
				5ACBE64B2D9186340058DC89 /* PlayOGGSampleTests */,
			);
			name = PlayOGGSampleTests;
			packageProductDependencies = (
			);
			productName = PlayOGGSampleTests;
			productReference = 5ACBE6482D9186340058DC89 /* PlayOGGSampleTests.xctest */;
			productType = "com.apple.product-type.bundle.unit-test";
		};
		5ACBE6512D9186340058DC89 /* PlayOGGSampleUITests */ = {
			isa = PBXNativeTarget;
			buildConfigurationList = 5ACBE6622D9186340058DC89 /* Build configuration list for PBXNativeTarget "PlayOGGSampleUITests" */;
			buildPhases = (
				5ACBE64E2D9186340058DC89 /* Sources */,
				5ACBE64F2D9186340058DC89 /* Frameworks */,
				5ACBE6502D9186340058DC89 /* Resources */,
			);
			buildRules = (
			);
			dependencies = (
				5ACBE6542D9186340058DC89 /* PBXTargetDependency */,
			);
			fileSystemSynchronizedGroups = (
				5ACBE6552D9186340058DC89 /* PlayOGGSampleUITests */,
			);
			name = PlayOGGSampleUITests;
			packageProductDependencies = (
			);
			productName = PlayOGGSampleUITests;
			productReference = 5ACBE6522D9186340058DC89 /* PlayOGGSampleUITests.xctest */;
			productType = "com.apple.product-type.bundle.ui-testing";
		};
/* End PBXNativeTarget section */

/* Begin PBXProject section */
		5ACBE6302D9186320058DC89 /* Project object */ = {
			isa = PBXProject;
			attributes = {
				BuildIndependentTargetsInParallel = 1;
				LastSwiftUpdateCheck = 1620;
				LastUpgradeCheck = 1620;
				TargetAttributes = {
					5ACBE6372D9186320058DC89 = {
						CreatedOnToolsVersion = 16.2;
					};
					5ACBE6472D9186340058DC89 = {
						CreatedOnToolsVersion = 16.2;
						TestTargetID = 5ACBE6372D9186320058DC89;
					};
					5ACBE6512D9186340058DC89 = {
						CreatedOnToolsVersion = 16.2;
						TestTargetID = 5ACBE6372D9186320058DC89;
					};
				};
			};
			buildConfigurationList = 5ACBE6332D9186320058DC89 /* Build configuration list for PBXProject "PlayOGGSample" */;
			developmentRegion = en;
			hasScannedForEncodings = 0;
			knownRegions = (
				en,
				Base,
			);
			mainGroup = 5ACBE62F2D9186320058DC89;
			minimizedProjectReferenceProxies = 1;
			preferredProjectObjectVersion = 77;
			productRefGroup = 5ACBE6392D9186320058DC89 /* Products */;
			projectDirPath = "";
			projectRoot = "";
			targets = (
				5ACBE6372D9186320058DC89 /* PlayOGGSample */,
				5ACBE6472D9186340058DC89 /* PlayOGGSampleTests */,
				5ACBE6512D9186340058DC89 /* PlayOGGSampleUITests */,
			);
		};
/* End PBXProject section */

/* Begin PBXResourcesBuildPhase section */
		5ACBE6362D9186320058DC89 /* Resources */ = {
			isa = PBXResourcesBuildPhase;
			buildActionMask = 2147483647;
			files = (
			);
			runOnlyForDeploymentPostprocessing = 0;
		};
		5ACBE6462D9186340058DC89 /* Resources */ = {
			isa = PBXResourcesBuildPhase;
			buildActionMask = 2147483647;
			files = (
			);
			runOnlyForDeploymentPostprocessing = 0;
		};
		5ACBE6502D9186340058DC89 /* Resources */ = {
			isa = PBXResourcesBuildPhase;
			buildActionMask = 2147483647;
			files = (
			);
			runOnlyForDeploymentPostprocessing = 0;
		};
/* End PBXResourcesBuildPhase section */

/* Begin PBXSourcesBuildPhase section */
		5ACBE6342D9186320058DC89 /* Sources */ = {
			isa = PBXSourcesBuildPhase;
			buildActionMask = 2147483647;
			files = (
			);
			runOnlyForDeploymentPostprocessing = 0;
		};
		5ACBE6442D9186340058DC89 /* Sources */ = {
			isa = PBXSourcesBuildPhase;
			buildActionMask = 2147483647;
			files = (
			);
			runOnlyForDeploymentPostprocessing = 0;
		};
		5ACBE64E2D9186340058DC89 /* Sources */ = {
			isa = PBXSourcesBuildPhase;
			buildActionMask = 2147483647;
			files = (
			);
			runOnlyForDeploymentPostprocessing = 0;
		};
/* End PBXSourcesBuildPhase section */

/* Begin PBXTargetDependency section */
		5ACBE64A2D9186340058DC89 /* PBXTargetDependency */ = {
			isa = PBXTargetDependency;
			target = 5ACBE6372D9186320058DC89 /* PlayOGGSample */;
			targetProxy = 5ACBE6492D9186340058DC89 /* PBXContainerItemProxy */;
		};
		5ACBE6542D9186340058DC89 /* PBXTargetDependency */ = {
			isa = PBXTargetDependency;
			target = 5ACBE6372D9186320058DC89 /* PlayOGGSample */;
			targetProxy = 5ACBE6532D9186340058DC89 /* PBXContainerItemProxy */;
		};
/* End PBXTargetDependency section */

/* Begin XCBuildConfiguration section */
		5ACBE65A2D9186340058DC89 /* Debug */ = {
			isa = XCBuildConfiguration;
			buildSettings = {
				ALWAYS_SEARCH_USER_PATHS = NO;
				ASSETCATALOG_COMPILER_GENERATE_SWIFT_ASSET_SYMBOL_EXTENSIONS = YES;
				CLANG_ANALYZER_NONNULL = YES;
				CLANG_ANALYZER_NUMBER_OBJECT_CONVERSION = YES_AGGRESSIVE;
				CLANG_CXX_LANGUAGE_STANDARD = "gnu++20";
				CLANG_ENABLE_MODULES = YES;
				CLANG_ENABLE_OBJC_ARC = YES;
				CLANG_ENABLE_OBJC_WEAK = YES;
				CLANG_WARN_BLOCK_CAPTURE_AUTORELEASING = YES;
				CLANG_WARN_BOOL_CONVERSION = YES;
				CLANG_WARN_COMMA = YES;
				CLANG_WARN_CONSTANT_CONVERSION = YES;
				CLANG_WARN_DEPRECATED_OBJC_IMPLEMENTATIONS = YES;
				CLANG_WARN_DIRECT_OBJC_ISA_USAGE = YES_ERROR;
				CLANG_WARN_DOCUMENTATION_COMMENTS = YES;
				CLANG_WARN_EMPTY_BODY = YES;
				CLANG_WARN_ENUM_CONVERSION = YES;
				CLANG_WARN_INFINITE_RECURSION = YES;
				CLANG_WARN_INT_CONVERSION = YES;
				CLANG_WARN_NON_LITERAL_NULL_CONVERSION = YES;
				CLANG_WARN_OBJC_IMPLICIT_RETAIN_SELF = YES;
				CLANG_WARN_OBJC_LITERAL_CONVERSION = YES;
				CLANG_WARN_OBJC_ROOT_CLASS = YES_ERROR;
				CLANG_WARN_QUOTED_INCLUDE_IN_FRAMEWORK_HEADER = YES;
				CLANG_WARN_RANGE_LOOP_ANALYSIS = YES;
				CLANG_WARN_STRICT_PROTOTYPES = YES;
				CLANG_WARN_SUSPICIOUS_MOVE = YES;
				CLANG_WARN_UNGUARDED_AVAILABILITY = YES_AGGRESSIVE;
				CLANG_WARN_UNREACHABLE_CODE = YES;
				CLANG_WARN__DUPLICATE_METHOD_MATCH = YES;
				COPY_PHASE_STRIP = NO;
				DEBUG_INFORMATION_FORMAT = dwarf;
				ENABLE_STRICT_OBJC_MSGSEND = YES;
				ENABLE_TESTABILITY = YES;
				ENABLE_USER_SCRIPT_SANDBOXING = YES;
				GCC_C_LANGUAGE_STANDARD = gnu17;
				GCC_DYNAMIC_NO_PIC = NO;
				GCC_NO_COMMON_BLOCKS = YES;
				GCC_OPTIMIZATION_LEVEL = 0;
				GCC_PREPROCESSOR_DEFINITIONS = (
					"DEBUG=1",
					"$(inherited)",
				);
				GCC_WARN_64_TO_32_BIT_CONVERSION = YES;
				GCC_WARN_ABOUT_RETURN_TYPE = YES_ERROR;
				GCC_WARN_UNDECLARED_SELECTOR = YES;
				GCC_WARN_UNINITIALIZED_AUTOS = YES_AGGRESSIVE;
				GCC_WARN_UNUSED_FUNCTION = YES;
				GCC_WARN_UNUSED_VARIABLE = YES;
				IPHONEOS_DEPLOYMENT_TARGET = 18.2;
				LOCALIZATION_PREFERS_STRING_CATALOGS = YES;
				MTL_ENABLE_DEBUG_INFO = INCLUDE_SOURCE;
				MTL_FAST_MATH = YES;
				ONLY_ACTIVE_ARCH = YES;
				SDKROOT = iphoneos;
				SWIFT_ACTIVE_COMPILATION_CONDITIONS = "DEBUG $(inherited)";
				SWIFT_OPTIMIZATION_LEVEL = "-Onone";
			};
			name = Debug;
		};
		5ACBE65B2D9186340058DC89 /* Release */ = {
			isa = XCBuildConfiguration;
			buildSettings = {
				ALWAYS_SEARCH_USER_PATHS = NO;
				ASSETCATALOG_COMPILER_GENERATE_SWIFT_ASSET_SYMBOL_EXTENSIONS = YES;
				CLANG_ANALYZER_NONNULL = YES;
				CLANG_ANALYZER_NUMBER_OBJECT_CONVERSION = YES_AGGRESSIVE;
				CLANG_CXX_LANGUAGE_STANDARD = "gnu++20";
				CLANG_ENABLE_MODULES = YES;
				CLANG_ENABLE_OBJC_ARC = YES;
				CLANG_ENABLE_OBJC_WEAK = YES;
				CLANG_WARN_BLOCK_CAPTURE_AUTORELEASING = YES;
				CLANG_WARN_BOOL_CONVERSION = YES;
				CLANG_WARN_COMMA = YES;
				CLANG_WARN_CONSTANT_CONVERSION = YES;
				CLANG_WARN_DEPRECATED_OBJC_IMPLEMENTATIONS = YES;
				CLANG_WARN_DIRECT_OBJC_ISA_USAGE = YES_ERROR;
				CLANG_WARN_DOCUMENTATION_COMMENTS = YES;
				CLANG_WARN_EMPTY_BODY = YES;
				CLANG_WARN_ENUM_CONVERSION = YES;
				CLANG_WARN_INFINITE_RECURSION = YES;
				CLANG_WARN_INT_CONVERSION = YES;
				CLANG_WARN_NON_LITERAL_NULL_CONVERSION = YES;
				CLANG_WARN_OBJC_IMPLICIT_RETAIN_SELF = YES;
				CLANG_WARN_OBJC_LITERAL_CONVERSION = YES;
				CLANG_WARN_OBJC_ROOT_CLASS = YES_ERROR;
				CLANG_WARN_QUOTED_INCLUDE_IN_FRAMEWORK_HEADER = YES;
				CLANG_WARN_RANGE_LOOP_ANALYSIS = YES;
				CLANG_WARN_STRICT_PROTOTYPES = YES;
				CLANG_WARN_SUSPICIOUS_MOVE = YES;
				CLANG_WARN_UNGUARDED_AVAILABILITY = YES_AGGRESSIVE;
				CLANG_WARN_UNREACHABLE_CODE = YES;
				CLANG_WARN__DUPLICATE_METHOD_MATCH = YES;
				COPY_PHASE_STRIP = NO;
				DEBUG_INFORMATION_FORMAT = "dwarf-with-dsym";
				ENABLE_NS_ASSERTIONS = NO;
				ENABLE_STRICT_OBJC_MSGSEND = YES;
				ENABLE_USER_SCRIPT_SANDBOXING = YES;
				GCC_C_LANGUAGE_STANDARD = gnu17;
				GCC_NO_COMMON_BLOCKS = YES;
				GCC_WARN_64_TO_32_BIT_CONVERSION = YES;
				GCC_WARN_ABOUT_RETURN_TYPE = YES_ERROR;
				GCC_WARN_UNDECLARED_SELECTOR = YES;
				GCC_WARN_UNINITIALIZED_AUTOS = YES_AGGRESSIVE;
				GCC_WARN_UNUSED_FUNCTION = YES;
				GCC_WARN_UNUSED_VARIABLE = YES;
				IPHONEOS_DEPLOYMENT_TARGET = 18.2;
				LOCALIZATION_PREFERS_STRING_CATALOGS = YES;
				MTL_ENABLE_DEBUG_INFO = NO;
				MTL_FAST_MATH = YES;
				SDKROOT = iphoneos;
				SWIFT_COMPILATION_MODE = wholemodule;
				VALIDATE_PRODUCT = YES;
			};
			name = Release;
		};
		5ACBE65D2D9186340058DC89 /* Debug */ = {
			isa = XCBuildConfiguration;
			buildSettings = {
				ASSETCATALOG_COMPILER_APPICON_NAME = AppIcon;
				ASSETCATALOG_COMPILER_GLOBAL_ACCENT_COLOR_NAME = AccentColor;
				CODE_SIGN_STYLE = Automatic;
				CURRENT_PROJECT_VERSION = 1;
				DEVELOPMENT_ASSET_PATHS = "\"PlayOGGSample/Preview Content\"";
				DEVELOPMENT_TEAM = 9KK88UG755;
				ENABLE_PREVIEWS = YES;
				GENERATE_INFOPLIST_FILE = YES;
				INFOPLIST_KEY_UIApplicationSceneManifest_Generation = YES;
				INFOPLIST_KEY_UIApplicationSupportsIndirectInputEvents = YES;
				INFOPLIST_KEY_UILaunchScreen_Generation = YES;
				INFOPLIST_KEY_UISupportedInterfaceOrientations_iPad = "UIInterfaceOrientationPortrait UIInterfaceOrientationPortraitUpsideDown UIInterfaceOrientationLandscapeLeft UIInterfaceOrientationLandscapeRight";
				INFOPLIST_KEY_UISupportedInterfaceOrientations_iPhone = "UIInterfaceOrientationPortrait UIInterfaceOrientationLandscapeLeft UIInterfaceOrientationLandscapeRight";
				LD_RUNPATH_SEARCH_PATHS = (
					"$(inherited)",
					"@executable_path/Frameworks",
				);
				MARKETING_VERSION = 1.0;
				PRODUCT_BUNDLE_IDENTIFIER = dev.cranoo.PlayOGGSample;
				PRODUCT_NAME = "$(TARGET_NAME)";
				SWIFT_EMIT_LOC_STRINGS = YES;
				SWIFT_VERSION = 5.0;
				TARGETED_DEVICE_FAMILY = "1,2";
			};
			name = Debug;
		};
		5ACBE65E2D9186340058DC89 /* Release */ = {
			isa = XCBuildConfiguration;
			buildSettings = {
				ASSETCATALOG_COMPILER_APPICON_NAME = AppIcon;
				ASSETCATALOG_COMPILER_GLOBAL_ACCENT_COLOR_NAME = AccentColor;
				CODE_SIGN_STYLE = Automatic;
				CURRENT_PROJECT_VERSION = 1;
				DEVELOPMENT_ASSET_PATHS = "\"PlayOGGSample/Preview Content\"";
				DEVELOPMENT_TEAM = 9KK88UG755;
				ENABLE_PREVIEWS = YES;
				GENERATE_INFOPLIST_FILE = YES;
				INFOPLIST_KEY_UIApplicationSceneManifest_Generation = YES;
				INFOPLIST_KEY_UIApplicationSupportsIndirectInputEvents = YES;
				INFOPLIST_KEY_UILaunchScreen_Generation = YES;
				INFOPLIST_KEY_UISupportedInterfaceOrientations_iPad = "UIInterfaceOrientationPortrait UIInterfaceOrientationPortraitUpsideDown UIInterfaceOrientationLandscapeLeft UIInterfaceOrientationLandscapeRight";
				INFOPLIST_KEY_UISupportedInterfaceOrientations_iPhone = "UIInterfaceOrientationPortrait UIInterfaceOrientationLandscapeLeft UIInterfaceOrientationLandscapeRight";
				LD_RUNPATH_SEARCH_PATHS = (
					"$(inherited)",
					"@executable_path/Frameworks",
				);
				MARKETING_VERSION = 1.0;
				PRODUCT_BUNDLE_IDENTIFIER = dev.cranoo.PlayOGGSample;
				PRODUCT_NAME = "$(TARGET_NAME)";
				SWIFT_EMIT_LOC_STRINGS = YES;
				SWIFT_VERSION = 5.0;
				TARGETED_DEVICE_FAMILY = "1,2";
			};
			name = Release;
		};
		5ACBE6602D9186340058DC89 /* Debug */ = {
			isa = XCBuildConfiguration;
			buildSettings = {
				BUNDLE_LOADER = "$(TEST_HOST)";
				CODE_SIGN_STYLE = Automatic;
				CURRENT_PROJECT_VERSION = 1;
				DEVELOPMENT_TEAM = 9KK88UG755;
				GENERATE_INFOPLIST_FILE = YES;
				IPHONEOS_DEPLOYMENT_TARGET = 18.2;
				MARKETING_VERSION = 1.0;
				PRODUCT_BUNDLE_IDENTIFIER = dev.cranoo.PlayOGGSampleTests;
				PRODUCT_NAME = "$(TARGET_NAME)";
				SWIFT_EMIT_LOC_STRINGS = NO;
				SWIFT_VERSION = 5.0;
				TARGETED_DEVICE_FAMILY = "1,2";
				TEST_HOST = "$(BUILT_PRODUCTS_DIR)/PlayOGGSample.app/$(BUNDLE_EXECUTABLE_FOLDER_PATH)/PlayOGGSample";
			};
			name = Debug;
		};
		5ACBE6612D9186340058DC89 /* Release */ = {
			isa = XCBuildConfiguration;
			buildSettings = {
				BUNDLE_LOADER = "$(TEST_HOST)";
				CODE_SIGN_STYLE = Automatic;
				CURRENT_PROJECT_VERSION = 1;
				DEVELOPMENT_TEAM = 9KK88UG755;
				GENERATE_INFOPLIST_FILE = YES;
				IPHONEOS_DEPLOYMENT_TARGET = 18.2;
				MARKETING_VERSION = 1.0;
				PRODUCT_BUNDLE_IDENTIFIER = dev.cranoo.PlayOGGSampleTests;
				PRODUCT_NAME = "$(TARGET_NAME)";
				SWIFT_EMIT_LOC_STRINGS = NO;
				SWIFT_VERSION = 5.0;
				TARGETED_DEVICE_FAMILY = "1,2";
				TEST_HOST = "$(BUILT_PRODUCTS_DIR)/PlayOGGSample.app/$(BUNDLE_EXECUTABLE_FOLDER_PATH)/PlayOGGSample";
			};
			name = Release;
		};
		5ACBE6632D9186340058DC89 /* Debug */ = {
			isa = XCBuildConfiguration;
			buildSettings = {
				CODE_SIGN_STYLE = Automatic;
				CURRENT_PROJECT_VERSION = 1;
				DEVELOPMENT_TEAM = 9KK88UG755;
				GENERATE_INFOPLIST_FILE = YES;
				MARKETING_VERSION = 1.0;
				PRODUCT_BUNDLE_IDENTIFIER = dev.cranoo.PlayOGGSampleUITests;
				PRODUCT_NAME = "$(TARGET_NAME)";
				SWIFT_EMIT_LOC_STRINGS = NO;
				SWIFT_VERSION = 5.0;
				TARGETED_DEVICE_FAMILY = "1,2";
				TEST_TARGET_NAME = PlayOGGSample;
			};
			name = Debug;
		};
		5ACBE6642D9186340058DC89 /* Release */ = {
			isa = XCBuildConfiguration;
			buildSettings = {
				CODE_SIGN_STYLE = Automatic;
				CURRENT_PROJECT_VERSION = 1;
				DEVELOPMENT_TEAM = 9KK88UG755;
				GENERATE_INFOPLIST_FILE = YES;
				MARKETING_VERSION = 1.0;
				PRODUCT_BUNDLE_IDENTIFIER = dev.cranoo.PlayOGGSampleUITests;
				PRODUCT_NAME = "$(TARGET_NAME)";
				SWIFT_EMIT_LOC_STRINGS = NO;
				SWIFT_VERSION = 5.0;
				TARGETED_DEVICE_FAMILY = "1,2";
				TEST_TARGET_NAME = PlayOGGSample;
			};
			name = Release;
		};
/* End XCBuildConfiguration section */

/* Begin XCConfigurationList section */
		5ACBE6332D9186320058DC89 /* Build configuration list for PBXProject "PlayOGGSample" */ = {
			isa = XCConfigurationList;
			buildConfigurations = (
				5ACBE65A2D9186340058DC89 /* Debug */,
				5ACBE65B2D9186340058DC89 /* Release */,
			);
			defaultConfigurationIsVisible = 0;
			defaultConfigurationName = Release;
		};
		5ACBE65C2D9186340058DC89 /* Build configuration list for PBXNativeTarget "PlayOGGSample" */ = {
			isa = XCConfigurationList;
			buildConfigurations = (
				5ACBE65D2D9186340058DC89 /* Debug */,
				5ACBE65E2D9186340058DC89 /* Release */,
			);
			defaultConfigurationIsVisible = 0;
			defaultConfigurationName = Release;
		};
		5ACBE65F2D9186340058DC89 /* Build configuration list for PBXNativeTarget "PlayOGGSampleTests" */ = {
			isa = XCConfigurationList;
			buildConfigurations = (
				5ACBE6602D9186340058DC89 /* Debug */,
				5ACBE6612D9186340058DC89 /* Release */,
			);
			defaultConfigurationIsVisible = 0;
			defaultConfigurationName = Release;
		};
		5ACBE6622D9186340058DC89 /* Build configuration list for PBXNativeTarget "PlayOGGSampleUITests" */ = {
			isa = XCConfigurationList;
			buildConfigurations = (
				5ACBE6632D9186340058DC89 /* Debug */,
				5ACBE6642D9186340058DC89 /* Release */,
			);
			defaultConfigurationIsVisible = 0;
			defaultConfigurationName = Release;
		};
/* End XCConfigurationList section */
	};
	rootObject = 5ACBE6302D9186320058DC89 /* Project object */;
}
